
Microsoft Visual Studio Solution File, Format Version 12.00
# Visual Studio Version 17
VisualStudioVersion = 17.9.34616.47
MinimumVisualStudioVersion = 10.0.40219.1
Project("{FAE04EC0-301F-11D3-BF4B-00C04F79EFBC}") = "XPS.Services", "XPS.Services\XPS.Services.csproj", "{33024D40-BAEA-417A-92C6-24FE6F7FF87C}"
EndProject
Project("{FAE04EC0-301F-11D3-BF4B-00C04F79EFBC}") = "XPS.Services.UnitTests", "XPS.UnitTests\XPS.Services.UnitTests.csproj", "{5807D18D-32A4-4567-B6C1-98C2785188BD}"
EndProject
Project("{FAE04EC0-301F-11D3-BF4B-00C04F79EFBC}") = "XPS.Common", "XPS.Common\XPS.Common.csproj", "{B660DF66-6DFD-4AAD-B1FC-CEE8CEB2E0CB}"
EndProject
Project("{FAE04EC0-301F-11D3-BF4B-00C04F79EFBC}") = "XPS.Common.UnitTests", "XPS.Common.UnitTests\XPS.Common.UnitTests.csproj", "{EA242086-D23F-461C-9E02-33ECBA9E1ABD}"
EndProject
Global
	GlobalSection(SolutionConfigurationPlatforms) = preSolution
		Debug|Any CPU = Debug|Any CPU
		Release|Any CPU = Release|Any CPU
	EndGlobalSection
	GlobalSection(ProjectConfigurationPlatforms) = postSolution
		{33024D40-BAEA-417A-92C6-24FE6F7FF87C}.Debug|Any CPU.ActiveCfg = Debug|Any CPU
		{33024D40-BAEA-417A-92C6-24FE6F7FF87C}.Debug|Any CPU.Build.0 = Debug|Any CPU
		{33024D40-BAEA-417A-92C6-24FE6F7FF87C}.Release|Any CPU.ActiveCfg = Release|Any CPU
		{33024D40-BAEA-417A-92C6-24FE6F7FF87C}.Release|Any CPU.Build.0 = Release|Any CPU
		{5807D18D-32A4-4567-B6C1-98C2785188BD}.Debug|Any CPU.ActiveCfg = Debug|Any CPU
		{5807D18D-32A4-4567-B6C1-98C2785188BD}.Debug|Any CPU.Build.0 = Debug|Any CPU
		{5807D18D-32A4-4567-B6C1-98C2785188BD}.Release|Any CPU.ActiveCfg = Release|Any CPU
		{5807D18D-32A4-4567-B6C1-98C2785188BD}.Release|Any CPU.Build.0 = Release|Any CPU
		{B660DF66-6DFD-4AAD-B1FC-CEE8CEB2E0CB}.Debug|Any CPU.ActiveCfg = Debug|Any CPU
		{B660DF66-6DFD-4AAD-B1FC-CEE8CEB2E0CB}.Debug|Any CPU.Build.0 = Debug|Any CPU
		{B660DF66-6DFD-4AAD-B1FC-CEE8CEB2E0CB}.Release|Any CPU.ActiveCfg = Release|Any CPU
		{B660DF66-6DFD-4AAD-B1FC-CEE8CEB2E0CB}.Release|Any CPU.Build.0 = Release|Any CPU
		{EA242086-D23F-461C-9E02-33ECBA9E1ABD}.Debug|Any CPU.ActiveCfg = Debug|Any CPU
		{EA242086-D23F-461C-9E02-33ECBA9E1ABD}.Debug|Any CPU.Build.0 = Debug|Any CPU
		{EA242086-D23F-461C-9E02-33ECBA9E1ABD}.Release|Any CPU.ActiveCfg = Release|Any CPU
		{EA242086-D23F-461C-9E02-33ECBA9E1ABD}.Release|Any CPU.Build.0 = Release|Any CPU
	EndGlobalSection
	GlobalSection(SolutionProperties) = preSolution
		HideSolutionNode = FALSE
	EndGlobalSection
	GlobalSection(ExtensibilityGlobals) = postSolution
		SolutionGuid = {8697170E-08B5-4152-9820-6AC253922D53}
	EndGlobalSection
EndGlobal
